
Microsoft Visual Studio Solution File, Format Version 12.00
# Visual Studio Version 17
VisualStudioVersion = 17.3.32929.385
MinimumVisualStudioVersion = 10.0.40219.1
Project("{2150E333-8FDC-42A3-9474-1A3956D46DE8}") = "Services", "Services", "{CC17C822-DA61-484C-9AC4-89130F0DAD8F}"
EndProject
Project("{2150E333-8FDC-42A3-9474-1A3956D46DE8}") = "ProductCatalog", "ProductCatalog", "{D77DF57C-AAEF-4E59-A64B-DA1FF65E2E99}"
EndProject
Project("{9A19103F-16F7-4668-BE54-9A1E7A4F7556}") = "ProductCatalog.API", "Services\ProductCatalog\ProductCatalog.API\ProductCatalog.API.csproj", "{FD76E95F-8CF9-4572-BFB9-2085F4FD1A17}"
EndProject
Project("{9A19103F-16F7-4668-BE54-9A1E7A4F7556}") = "ProductCatalog.BusinessObject", "ProductCatalog.BusinessObject\ProductCatalog.BusinessObject.csproj", "{4E39887D-21B8-463E-9B30-5459C115B2EE}"
EndProject
Project("{9A19103F-16F7-4668-BE54-9A1E7A4F7556}") = "ProductCatalog.Repositories", "ProductCatalog.Repositories\ProductCatalog.Repositories.csproj", "{A220348B-A360-47EF-95FF-C3932A99040A}"
EndProject
Project("{9A19103F-16F7-4668-BE54-9A1E7A4F7556}") = "ProductCatalog.EFRepositories", "ProductCatalog.EFRepositories\ProductCatalog.EFRepositories.csproj", "{6AB0244E-07DB-46E4-A876-E7B5A54BC98E}"
EndProject
Project("{9A19103F-16F7-4668-BE54-9A1E7A4F7556}") = "ProductCatalog.Domain", "ProductCatalog.Domain\ProductCatalog.Domain.csproj", "{23698A60-EF24-419E-A034-9BB4D4DB4C4D}"
EndProject
Project("{2150E333-8FDC-42A3-9474-1A3956D46DE8}") = "WebClients", "WebClients", "{62325A5F-ABEE-4F2A-909C-69E0EC01BF80}"
EndProject
Project("{FAE04EC0-301F-11D3-BF4B-00C04F79EFBC}") = "MVCWebApp", "WebClients\MVCWebApp\MVCWebApp.csproj", "{767E7E84-C461-47E8-A39E-E55BFFBA2446}"
EndProject
Global
	GlobalSection(SolutionConfigurationPlatforms) = preSolution
		Debug|Any CPU = Debug|Any CPU
		Release|Any CPU = Release|Any CPU
	EndGlobalSection
	GlobalSection(ProjectConfigurationPlatforms) = postSolution
		{FD76E95F-8CF9-4572-BFB9-2085F4FD1A17}.Debug|Any CPU.ActiveCfg = Debug|Any CPU
		{FD76E95F-8CF9-4572-BFB9-2085F4FD1A17}.Debug|Any CPU.Build.0 = Debug|Any CPU
		{FD76E95F-8CF9-4572-BFB9-2085F4FD1A17}.Release|Any CPU.ActiveCfg = Release|Any CPU
		{FD76E95F-8CF9-4572-BFB9-2085F4FD1A17}.Release|Any CPU.Build.0 = Release|Any CPU
		{4E39887D-21B8-463E-9B30-5459C115B2EE}.Debug|Any CPU.ActiveCfg = Debug|Any CPU
		{4E39887D-21B8-463E-9B30-5459C115B2EE}.Debug|Any CPU.Build.0 = Debug|Any CPU
		{4E39887D-21B8-463E-9B30-5459C115B2EE}.Release|Any CPU.ActiveCfg = Release|Any CPU
		{4E39887D-21B8-463E-9B30-5459C115B2EE}.Release|Any CPU.Build.0 = Release|Any CPU
		{A220348B-A360-47EF-95FF-C3932A99040A}.Debug|Any CPU.ActiveCfg = Debug|Any CPU
		{A220348B-A360-47EF-95FF-C3932A99040A}.Debug|Any CPU.Build.0 = Debug|Any CPU
		{A220348B-A360-47EF-95FF-C3932A99040A}.Release|Any CPU.ActiveCfg = Release|Any CPU
		{A220348B-A360-47EF-95FF-C3932A99040A}.Release|Any CPU.Build.0 = Release|Any CPU
		{6AB0244E-07DB-46E4-A876-E7B5A54BC98E}.Debug|Any CPU.ActiveCfg = Debug|Any CPU
		{6AB0244E-07DB-46E4-A876-E7B5A54BC98E}.Debug|Any CPU.Build.0 = Debug|Any CPU
		{6AB0244E-07DB-46E4-A876-E7B5A54BC98E}.Release|Any CPU.ActiveCfg = Release|Any CPU
		{6AB0244E-07DB-46E4-A876-E7B5A54BC98E}.Release|Any CPU.Build.0 = Release|Any CPU
		{23698A60-EF24-419E-A034-9BB4D4DB4C4D}.Debug|Any CPU.ActiveCfg = Debug|Any CPU
		{23698A60-EF24-419E-A034-9BB4D4DB4C4D}.Debug|Any CPU.Build.0 = Debug|Any CPU
		{23698A60-EF24-419E-A034-9BB4D4DB4C4D}.Release|Any CPU.ActiveCfg = Release|Any CPU
		{23698A60-EF24-419E-A034-9BB4D4DB4C4D}.Release|Any CPU.Build.0 = Release|Any CPU
		{767E7E84-C461-47E8-A39E-E55BFFBA2446}.Debug|Any CPU.ActiveCfg = Debug|Any CPU
		{767E7E84-C461-47E8-A39E-E55BFFBA2446}.Debug|Any CPU.Build.0 = Debug|Any CPU
		{767E7E84-C461-47E8-A39E-E55BFFBA2446}.Release|Any CPU.ActiveCfg = Release|Any CPU
		{767E7E84-C461-47E8-A39E-E55BFFBA2446}.Release|Any CPU.Build.0 = Release|Any CPU
	EndGlobalSection
	GlobalSection(SolutionProperties) = preSolution
		HideSolutionNode = FALSE
	EndGlobalSection
	GlobalSection(NestedProjects) = preSolution
		{D77DF57C-AAEF-4E59-A64B-DA1FF65E2E99} = {CC17C822-DA61-484C-9AC4-89130F0DAD8F}
		{FD76E95F-8CF9-4572-BFB9-2085F4FD1A17} = {D77DF57C-AAEF-4E59-A64B-DA1FF65E2E99}
		{4E39887D-21B8-463E-9B30-5459C115B2EE} = {D77DF57C-AAEF-4E59-A64B-DA1FF65E2E99}
		{A220348B-A360-47EF-95FF-C3932A99040A} = {D77DF57C-AAEF-4E59-A64B-DA1FF65E2E99}
		{6AB0244E-07DB-46E4-A876-E7B5A54BC98E} = {D77DF57C-AAEF-4E59-A64B-DA1FF65E2E99}
		{23698A60-EF24-419E-A034-9BB4D4DB4C4D} = {D77DF57C-AAEF-4E59-A64B-DA1FF65E2E99}
		{767E7E84-C461-47E8-A39E-E55BFFBA2446} = {62325A5F-ABEE-4F2A-909C-69E0EC01BF80}
	EndGlobalSection
	GlobalSection(ExtensibilityGlobals) = postSolution
		SolutionGuid = {DA6BDFD2-E9C3-4A1D-B792-331183F1FB30}
	EndGlobalSection
EndGlobal
